PODS:
  - coinlib_flutter (0.7.0):
    - Flutter
    - FlutterMacOS
  - Flutter (1.0.0)

DEPENDENCIES:
  - coinlib_flutter (from `.symlinks/plugins/coinlib_flutter/darwin`)
  - Flutter (from `Flutter`)

EXTERNAL SOURCES:
  coinlib_flutter:
    :path: ".symlinks/plugins/coinlib_flutter/darwin"
  Flutter:
    :path: Flutter

SPEC CHECKSUMS:
  coinlib_flutter: 7e6fd630b97a00f4bef09abfd6683be2b6d31b36
  Flutter: cabc95a1d2626b1b06e7179b784ebcf0c0cde467

PODFILE CHECKSUM: 0dbd5a87e0ace00c9610d2037ac22083a01f861d

COCOAPODS: 1.16.2
