PODS:
  - coinlib_flutter (0.3.2):
    - Flutter
    - FlutterMacOS
  - Flutter (1.0.0)

DEPENDENCIES:
  - coinlib_flutter (from `.symlinks/plugins/coinlib_flutter/darwin`)
  - Flutter (from `Flutter`)

EXTERNAL SOURCES:
  coinlib_flutter:
    :path: ".symlinks/plugins/coinlib_flutter/darwin"
  Flutter:
    :path: Flutter

SPEC CHECKSUMS:
  coinlib_flutter: 6abec900d67762a6e7ccfd567a3cd3ae00bbee35
  Flutter: e0871f40cf51350855a761d2e70bf5af5b9b5de7

PODFILE CHECKSUM: c4c93c5f6502fe2754f48404d3594bf779584011

COCOAPODS: 1.15.2
